
Microsoft Visual Studio Solution File, Format Version 12.00
# Visual Studio 2012
Project("{A0786B88-2ADB-4C21-ABE8-AA2D79766269}") = "longyusoft", "longyusoft\longyusoft.phpproj", "{4191A6ED-BB32-45B2-9A6F-3ECCE8570C95}"
EndProject
Global
	GlobalSection(SolutionConfigurationPlatforms) = preSolution
		Debug|Any CPU = Debug|Any CPU
		Release|Any CPU = Release|Any CPU
	EndGlobalSection
	GlobalSection(ProjectConfigurationPlatforms) = postSolution
		{4191A6ED-BB32-45B2-9A6F-3ECCE8570C95}.Debug|Any CPU.ActiveCfg = Debug|Any CPU
		{4191A6ED-BB32-45B2-9A6F-3ECCE8570C95}.Debug|Any CPU.Build.0 = Debug|Any CPU
		{4191A6ED-BB32-45B2-9A6F-3ECCE8570C95}.Release|Any CPU.ActiveCfg = Release|Any CPU
		{4191A6ED-BB32-45B2-9A6F-3ECCE8570C95}.Release|Any CPU.Build.0 = Release|Any CPU
	EndGlobalSection
	GlobalSection(SolutionProperties) = preSolution
		HideSolutionNode = FALSE
	EndGlobalSection
EndGlobal
