
Microsoft Visual Studio Solution File, Format Version 9.00
# Visual Studio 2005
Project("{FAE04EC0-301F-11D3-BF4B-00C04F79EFBC}") = "AutoStoredProcedure", "AutoStoredProcedure.csproj", "{ECC82932-DC6C-4743-89F1-2A691A08DFB7}"
EndProject
Global
	GlobalSection(SolutionConfigurationPlatforms) = preSolution
		Debug|Any CPU = Debug|Any CPU
		Release|Any CPU = Release|Any CPU
	EndGlobalSection
	GlobalSection(ProjectConfigurationPlatforms) = postSolution
		{ECC82932-DC6C-4743-89F1-2A691A08DFB7}.Debug|Any CPU.ActiveCfg = Debug|Any CPU
		{ECC82932-DC6C-4743-89F1-2A691A08DFB7}.Debug|Any CPU.Build.0 = Debug|Any CPU
		{ECC82932-DC6C-4743-89F1-2A691A08DFB7}.Release|Any CPU.ActiveCfg = Release|Any CPU
		{ECC82932-DC6C-4743-89F1-2A691A08DFB7}.Release|Any CPU.Build.0 = Release|Any CPU
	EndGlobalSection
	GlobalSection(SolutionProperties) = preSolution
		HideSolutionNode = FALSE
	EndGlobalSection
EndGlobal
